
Microsoft Visual Studio Solution File, Format Version 12.00
# Visual Studio 15
VisualStudioVersion = 15.0.28307.329
MinimumVisualStudioVersion = 10.0.40219.1
Project("{FAE04EC0-301F-11D3-BF4B-00C04F79EFBC}") = "AzureAPI", "AzureAPI\AzureAPI.csproj", "{1F01C9D3-C604-4353-AF2E-85BCCBDFD676}"
EndProject
Global
	GlobalSection(SolutionConfigurationPlatforms) = preSolution
		Debug|Any CPU = Debug|Any CPU
		Release|Any CPU = Release|Any CPU
	EndGlobalSection
	GlobalSection(ProjectConfigurationPlatforms) = postSolution
		{1F01C9D3-C604-4353-AF2E-85BCCBDFD676}.Debug|Any CPU.ActiveCfg = Debug|Any CPU
		{1F01C9D3-C604-4353-AF2E-85BCCBDFD676}.Debug|Any CPU.Build.0 = Debug|Any CPU
		{1F01C9D3-C604-4353-AF2E-85BCCBDFD676}.Release|Any CPU.ActiveCfg = Release|Any CPU
		{1F01C9D3-C604-4353-AF2E-85BCCBDFD676}.Release|Any CPU.Build.0 = Release|Any CPU
	EndGlobalSection
	GlobalSection(SolutionProperties) = preSolution
		HideSolutionNode = FALSE
	EndGlobalSection
	GlobalSection(ExtensibilityGlobals) = postSolution
		SolutionGuid = {1B5E4527-1B92-41C2-9973-CA29E02EA639}
	EndGlobalSection
EndGlobal
